{
  "object": {
    "pins": [
      {
        "package": "Valet",
        "repositoryURL": "https://github.com/Square/Valet.git",
        "state": {
          "branch": null,
          "revision": "2bf3329055f5d71d42a12801dd69d1d770fafa5e",
          "version": "4.1.2"
        }
      }
    ]
  },
  "version": 1
}
